
Microsoft Visual Studio Solution File, Format Version 12.00
# Visual Studio Version 16
VisualStudioVersion = 16.0.31605.320
MinimumVisualStudioVersion = 10.0.40219.1
Project("{9A19103F-16F7-4668-BE54-9A1E7A4F7556}") = "Data", "Data\Data.csproj", "{1C9D4592-EEA3-40C2-BA0D-02E1AF65FD19}"
EndProject
Project("{9A19103F-16F7-4668-BE54-9A1E7A4F7556}") = "Service", "Service\Service.csproj", "{9174981B-3CB5-4F91-B82B-856C6E17DEEC}"
EndProject
Project("{9A19103F-16F7-4668-BE54-9A1E7A4F7556}") = "SqlGenerator", "App\SqlGenerator.csproj", "{965F5ABB-FEB1-40A5-8FE1-9BD390714565}"
EndProject
Project("{FAE04EC0-301F-11D3-BF4B-00C04F79EFBC}") = "Helpers", "Helpers\Helpers.csproj", "{F22EC8D1-5AC5-46E4-A1DC-FD426DD382CA}"
EndProject
Global
	GlobalSection(SolutionConfigurationPlatforms) = preSolution
		Debug|Any CPU = Debug|Any CPU
		Release|Any CPU = Release|Any CPU
	EndGlobalSection
	GlobalSection(ProjectConfigurationPlatforms) = postSolution
		{1C9D4592-EEA3-40C2-BA0D-02E1AF65FD19}.Debug|Any CPU.ActiveCfg = Debug|Any CPU
		{1C9D4592-EEA3-40C2-BA0D-02E1AF65FD19}.Debug|Any CPU.Build.0 = Debug|Any CPU
		{1C9D4592-EEA3-40C2-BA0D-02E1AF65FD19}.Release|Any CPU.ActiveCfg = Release|Any CPU
		{1C9D4592-EEA3-40C2-BA0D-02E1AF65FD19}.Release|Any CPU.Build.0 = Release|Any CPU
		{9174981B-3CB5-4F91-B82B-856C6E17DEEC}.Debug|Any CPU.ActiveCfg = Debug|Any CPU
		{9174981B-3CB5-4F91-B82B-856C6E17DEEC}.Debug|Any CPU.Build.0 = Debug|Any CPU
		{9174981B-3CB5-4F91-B82B-856C6E17DEEC}.Release|Any CPU.ActiveCfg = Release|Any CPU
		{9174981B-3CB5-4F91-B82B-856C6E17DEEC}.Release|Any CPU.Build.0 = Release|Any CPU
		{965F5ABB-FEB1-40A5-8FE1-9BD390714565}.Debug|Any CPU.ActiveCfg = Debug|Any CPU
		{965F5ABB-FEB1-40A5-8FE1-9BD390714565}.Debug|Any CPU.Build.0 = Debug|Any CPU
		{965F5ABB-FEB1-40A5-8FE1-9BD390714565}.Release|Any CPU.ActiveCfg = Release|Any CPU
		{965F5ABB-FEB1-40A5-8FE1-9BD390714565}.Release|Any CPU.Build.0 = Release|Any CPU
		{F22EC8D1-5AC5-46E4-A1DC-FD426DD382CA}.Debug|Any CPU.ActiveCfg = Debug|Any CPU
		{F22EC8D1-5AC5-46E4-A1DC-FD426DD382CA}.Debug|Any CPU.Build.0 = Debug|Any CPU
		{F22EC8D1-5AC5-46E4-A1DC-FD426DD382CA}.Release|Any CPU.ActiveCfg = Release|Any CPU
		{F22EC8D1-5AC5-46E4-A1DC-FD426DD382CA}.Release|Any CPU.Build.0 = Release|Any CPU
	EndGlobalSection
	GlobalSection(SolutionProperties) = preSolution
		HideSolutionNode = FALSE
	EndGlobalSection
	GlobalSection(ExtensibilityGlobals) = postSolution
		SolutionGuid = {15D3D403-108B-4E2F-BEB6-5480F0A329F9}
	EndGlobalSection
EndGlobal
